
Microsoft Visual Studio Solution File, Format Version 12.00
# Visual Studio Version 17
VisualStudioVersion = 17.6.33801.468
MinimumVisualStudioVersion = 10.0.40219.1
Project("{FAE04EC0-301F-11D3-BF4B-00C04F79EFBC}") = "Tajlo4ekHardwareMonitor", "Tajlo4ekHardwareMonitor\Tajlo4ekHardwareMonitor.csproj", "{3E311FC8-6330-4852-AA46-C9A32E786A8D}"
EndProject
Project("{9A19103F-16F7-4668-BE54-9A1E7A4F7556}") = "LibreHardwareMonitorLib", "LibreHardwareMonitorLib\LibreHardwareMonitorLib.csproj", "{201EDF6C-D2AF-4D05-81DB-1D4754C6F336}"
EndProject
Global
	GlobalSection(SolutionConfigurationPlatforms) = preSolution
		Debug|Any CPU = Debug|Any CPU
		Release|Any CPU = Release|Any CPU
	EndGlobalSection
	GlobalSection(ProjectConfigurationPlatforms) = postSolution
		{3E311FC8-6330-4852-AA46-C9A32E786A8D}.Debug|Any CPU.ActiveCfg = Debug|Any CPU
		{3E311FC8-6330-4852-AA46-C9A32E786A8D}.Debug|Any CPU.Build.0 = Debug|Any CPU
		{3E311FC8-6330-4852-AA46-C9A32E786A8D}.Release|Any CPU.ActiveCfg = Release|Any CPU
		{3E311FC8-6330-4852-AA46-C9A32E786A8D}.Release|Any CPU.Build.0 = Release|Any CPU
		{201EDF6C-D2AF-4D05-81DB-1D4754C6F336}.Debug|Any CPU.ActiveCfg = Debug|Any CPU
		{201EDF6C-D2AF-4D05-81DB-1D4754C6F336}.Debug|Any CPU.Build.0 = Debug|Any CPU
		{201EDF6C-D2AF-4D05-81DB-1D4754C6F336}.Release|Any CPU.ActiveCfg = Release|Any CPU
		{201EDF6C-D2AF-4D05-81DB-1D4754C6F336}.Release|Any CPU.Build.0 = Release|Any CPU
	EndGlobalSection
	GlobalSection(SolutionProperties) = preSolution
		HideSolutionNode = FALSE
	EndGlobalSection
	GlobalSection(ExtensibilityGlobals) = postSolution
		SolutionGuid = {7CD7DB8B-C097-4F77-89D0-88DF11262B41}
	EndGlobalSection
EndGlobal
